<?xml version="1.0" encoding="utf-8"?>
<Project ToolsVersion="4.0" xmlns="http://schemas.microsoft.com/developer/msbuild/2003">
  <ItemGroup>
    <Filter Include="Source Files">
      <UniqueIdentifier>{5db453aa-613d-40aa-b4c2-3249f3dd9c8d}</UniqueIdentifier>
      <Extensions>cpp;c;cxx;rc;def;r;odl;idl;hpj;bat</Extensions>
    </Filter>
    <Filter Include="Header Files">
      <UniqueIdentifier>{152f1d77-9e19-4a7f-b64f-fed0dcca17e2}</UniqueIdentifier>
      <Extensions>h;hpp;hxx;hm;inl</Extensions>
    </Filter>
    <Filter Include="Resource Files">
      <UniqueIdentifier>{5a814b35-ab10-4976-8d65-efdc010e0da8}</UniqueIdentifier>
      <Extensions>ico;cur;bmp;dlg;rc2;rct;bin;rgs;gif;jpg;jpeg;jpe</Extensions>
    </Filter>
  </ItemGroup>
  <ItemGroup>
    <ClCompile Include="ChessBoard.cpp">
      <Filter>Source Files</Filter>
    </ClCompile>
    <ClCompile Include="HowToPlay.cpp">
      <Filter>Source Files</Filter>
    </ClCompile>
    <ClCompile Include="MainFrm.cpp">
      <Filter>Source Files</Filter>
    </ClCompile>
    <ClCompile Include="MyColorDialog.cpp">
      <Filter>Source Files</Filter>
    </ClCompile>
    <ClCompile Include="NetChess.cpp">
      <Filter>Source Files</Filter>
    </ClCompile>
    <ClCompile Include="NetChessView.cpp">
      <Filter>Source Files</Filter>
    </ClCompile>
    <ClCompile Include="Options.cpp">
      <Filter>Source Files</Filter>
    </ClCompile>
    <ClCompile Include="PickPieceDlg.cpp">
      <Filter>Source Files</Filter>
    </ClCompile>
    <ClCompile Include="StdAfx.cpp">
      <Filter>Source Files</Filter>
    </ClCompile>
    <ClCompile Include="CNetChessDoc.cpp">
      <Filter>Source Files</Filter>
    </ClCompile>
  </ItemGroup>
  <ItemGroup>
    <ResourceCompile Include="NetChess.rc">
      <Filter>Source Files</Filter>
    </ResourceCompile>
  </ItemGroup>
  <ItemGroup>
    <ClInclude Include="ChessBoard.h">
      <Filter>Header Files</Filter>
    </ClInclude>
    <ClInclude Include="HowToPlay.h">
      <Filter>Header Files</Filter>
    </ClInclude>
    <ClInclude Include="MainFrm.h">
      <Filter>Header Files</Filter>
    </ClInclude>
    <ClInclude Include="MyColorDialog.h">
      <Filter>Header Files</Filter>
    </ClInclude>
    <ClInclude Include="NetChess.h">
      <Filter>Header Files</Filter>
    </ClInclude>
    <ClInclude Include="NetChessDoc.h">
      <Filter>Header Files</Filter>
    </ClInclude>
    <ClInclude Include="NetChessView.h">
      <Filter>Header Files</Filter>
    </ClInclude>
    <ClInclude Include="Options.h">
      <Filter>Header Files</Filter>
    </ClInclude>
    <ClInclude Include="PickPieceDlg.h">
      <Filter>Header Files</Filter>
    </ClInclude>
    <ClInclude Include="Resource.h">
      <Filter>Header Files</Filter>
    </ClInclude>
    <ClInclude Include="StdAfx.h">
      <Filter>Header Files</Filter>
    </ClInclude>
  </ItemGroup>
  <ItemGroup>
    <Image Include="res\base.bmp">
      <Filter>Resource Files</Filter>
    </Image>
    <Image Include="res\Dice.bmp">
      <Filter>Resource Files</Filter>
    </Image>
    <Image Include="res\Dice1.bmp">
      <Filter>Resource Files</Filter>
    </Image>
    <Image Include="res\Dice2.bmp">
      <Filter>Resource Files</Filter>
    </Image>
    <Image Include="res\Dice3.bmp">
      <Filter>Resource Files</Filter>
    </Image>
    <Image Include="res\Dice4.bmp">
      <Filter>Resource Files</Filter>
    </Image>
    <Image Include="res\Dice5.bmp">
      <Filter>Resource Files</Filter>
    </Image>
    <Image Include="res\Dice6.bmp">
      <Filter>Resource Files</Filter>
    </Image>
    <Image Include="res\icon1.ico">
      <Filter>Resource Files</Filter>
    </Image>
    <Image Include="res\LDAPExplorer.ico">
      <Filter>Resource Files</Filter>
    </Image>
    <Image Include="res\NetChess.ico">
      <Filter>Resource Files</Filter>
    </Image>
    <Image Include="res\NetChessDoc.ico">
      <Filter>Resource Files</Filter>
    </Image>
    <Image Include="res\Toolbar.bmp">
      <Filter>Resource Files</Filter>
    </Image>
  </ItemGroup>
  <ItemGroup>
    <None Include="res\NetChess.rc2">
      <Filter>Resource Files</Filter>
    </None>
  </ItemGroup>
</Project>