
Microsoft Visual Studio Solution File, Format Version 12.00
# Visual Studio Version 17
VisualStudioVersion = 17.6.33723.286
MinimumVisualStudioVersion = 10.0.40219.1
Project("{8BC9CEB8-8B4A-11D0-8D11-00A0C91BC942}") = "NetChess", "NetChess.vcxproj", "{F728429E-6106-4BB8-99B8-23E38678B5D5}"
EndProject
Global
	GlobalSection(SolutionConfigurationPlatforms) = preSolution
		Debug|Win32 = Debug|Win32
		Release|Win32 = Release|Win32
	EndGlobalSection
	GlobalSection(ProjectConfigurationPlatforms) = postSolution
		{F728429E-6106-4BB8-99B8-23E38678B5D5}.Debug|Win32.ActiveCfg = Debug|Win32
		{F728429E-6106-4BB8-99B8-23E38678B5D5}.Debug|Win32.Build.0 = Debug|Win32
		{F728429E-6106-4BB8-99B8-23E38678B5D5}.Release|Win32.ActiveCfg = Release|Win32
		{F728429E-6106-4BB8-99B8-23E38678B5D5}.Release|Win32.Build.0 = Release|Win32
	EndGlobalSection
	GlobalSection(SolutionProperties) = preSolution
		HideSolutionNode = FALSE
	EndGlobalSection
	GlobalSection(ExtensibilityGlobals) = postSolution
		SolutionGuid = {4F07EEBD-28DE-45EC-A01C-4D9C6AF4759C}
	EndGlobalSection
EndGlobal
